
Microsoft Visual Studio Solution File, Format Version 11.00
# Visual Studio 2010
Project("{FAE04EC0-301F-11D3-BF4B-00C04F79EFBC}") = "DLUnity", "Assembly-CSharp-firstpass.csproj", "{B94A4ED3-1CFD-DB46-58E8-7ED2253840F5}"
EndProject
Project("{FAE04EC0-301F-11D3-BF4B-00C04F79EFBC}") = "DLUnity", "Assembly-CSharp.csproj", "{AB4B1097-FF60-44DE-19F4-E8B2407AA1F3}"
EndProject
Project("{FAE04EC0-301F-11D3-BF4B-00C04F79EFBC}") = "DLUnity", "Assembly-CSharp-Editor.csproj", "{952C1345-06F5-0015-3C16-7AE524AD6925}"
EndProject
Global
	GlobalSection(SolutionConfigurationPlatforms) = preSolution
		Debug|Any CPU = Debug|Any CPU
		Release|Any CPU = Release|Any CPU
	EndGlobalSection
	GlobalSection(ProjectConfigurationPlatforms) = postSolution
		{B94A4ED3-1CFD-DB46-58E8-7ED2253840F5}.Debug|Any CPU.ActiveCfg = Debug|Any CPU
		{B94A4ED3-1CFD-DB46-58E8-7ED2253840F5}.Debug|Any CPU.Build.0 = Debug|Any CPU
		{B94A4ED3-1CFD-DB46-58E8-7ED2253840F5}.Release|Any CPU.ActiveCfg = Release|Any CPU
		{B94A4ED3-1CFD-DB46-58E8-7ED2253840F5}.Release|Any CPU.Build.0 = Release|Any CPU
		{AB4B1097-FF60-44DE-19F4-E8B2407AA1F3}.Debug|Any CPU.ActiveCfg = Debug|Any CPU
		{AB4B1097-FF60-44DE-19F4-E8B2407AA1F3}.Debug|Any CPU.Build.0 = Debug|Any CPU
		{AB4B1097-FF60-44DE-19F4-E8B2407AA1F3}.Release|Any CPU.ActiveCfg = Release|Any CPU
		{AB4B1097-FF60-44DE-19F4-E8B2407AA1F3}.Release|Any CPU.Build.0 = Release|Any CPU
		{952C1345-06F5-0015-3C16-7AE524AD6925}.Debug|Any CPU.ActiveCfg = Debug|Any CPU
		{952C1345-06F5-0015-3C16-7AE524AD6925}.Debug|Any CPU.Build.0 = Debug|Any CPU
		{952C1345-06F5-0015-3C16-7AE524AD6925}.Release|Any CPU.ActiveCfg = Release|Any CPU
		{952C1345-06F5-0015-3C16-7AE524AD6925}.Release|Any CPU.Build.0 = Release|Any CPU
	EndGlobalSection
	GlobalSection(SolutionProperties) = preSolution
		HideSolutionNode = FALSE
	EndGlobalSection
	GlobalSection(MonoDevelopProperties) = preSolution
		StartupItem = Assembly-CSharp.csproj
	EndGlobalSection
EndGlobal
