
Microsoft Visual Studio Solution File, Format Version 11.00
# Visual Studio 2010
Project("{FAE04EC0-301F-11D3-BF4B-00C04F79EFBC}") = "MRY", "Assembly-CSharp.csproj", "{E2E1B743-D80C-4166-9AC6-64F1B473591B}"
EndProject
Project("{FAE04EC0-301F-11D3-BF4B-00C04F79EFBC}") = "MRY", "Assembly-CSharp-Editor.csproj", "{EE38FCAE-06A7-2003-F7B1-ADCEF0F2D5D4}"
EndProject
Global
	GlobalSection(SolutionConfigurationPlatforms) = preSolution
		Debug|Any CPU = Debug|Any CPU
		Release|Any CPU = Release|Any CPU
	EndGlobalSection
	GlobalSection(ProjectConfigurationPlatforms) = postSolution
		{E2E1B743-D80C-4166-9AC6-64F1B473591B}.Debug|Any CPU.ActiveCfg = Debug|Any CPU
		{E2E1B743-D80C-4166-9AC6-64F1B473591B}.Debug|Any CPU.Build.0 = Debug|Any CPU
		{E2E1B743-D80C-4166-9AC6-64F1B473591B}.Release|Any CPU.ActiveCfg = Release|Any CPU
		{E2E1B743-D80C-4166-9AC6-64F1B473591B}.Release|Any CPU.Build.0 = Release|Any CPU
		{EE38FCAE-06A7-2003-F7B1-ADCEF0F2D5D4}.Debug|Any CPU.ActiveCfg = Debug|Any CPU
		{EE38FCAE-06A7-2003-F7B1-ADCEF0F2D5D4}.Debug|Any CPU.Build.0 = Debug|Any CPU
		{EE38FCAE-06A7-2003-F7B1-ADCEF0F2D5D4}.Release|Any CPU.ActiveCfg = Release|Any CPU
		{EE38FCAE-06A7-2003-F7B1-ADCEF0F2D5D4}.Release|Any CPU.Build.0 = Release|Any CPU
	EndGlobalSection
	GlobalSection(SolutionProperties) = preSolution
		HideSolutionNode = FALSE
	EndGlobalSection
	GlobalSection(MonoDevelopProperties) = preSolution
		StartupItem = Assembly-CSharp.csproj
	EndGlobalSection
EndGlobal
